
Microsoft Visual Studio Solution File, Format Version 12.00
# Visual Studio Version 17
VisualStudioVersion = 17.12.35707.178 d17.12
MinimumVisualStudioVersion = 10.0.40219.1
Project("{FAE04EC0-301F-11D3-BF4B-00C04F79EFBC}") = "YarpGateway9", "YarpGateway9\YarpGateway9.csproj", "{CBBA609D-D5AD-44C0-ADED-895466E3EF62}"
EndProject
Project("{FAE04EC0-301F-11D3-BF4B-00C04F79EFBC}") = "WeatherAPI9", "WeatherAPI9\WeatherAPI9.csproj", "{AB69383B-62AA-444B-857A-8C463E4B6788}"
EndProject
Project("{E53339B2-1760-4266-BCC7-CA923CBCF16C}") = "docker-compose", "docker-compose.dcproj", "{967CB646-4160-4809-9327-77ED6536D571}"
EndProject
Global
	GlobalSection(SolutionConfigurationPlatforms) = preSolution
		Debug|Any CPU = Debug|Any CPU
		Release|Any CPU = Release|Any CPU
	EndGlobalSection
	GlobalSection(ProjectConfigurationPlatforms) = postSolution
		{CBBA609D-D5AD-44C0-ADED-895466E3EF62}.Debug|Any CPU.ActiveCfg = Debug|Any CPU
		{CBBA609D-D5AD-44C0-ADED-895466E3EF62}.Debug|Any CPU.Build.0 = Debug|Any CPU
		{CBBA609D-D5AD-44C0-ADED-895466E3EF62}.Release|Any CPU.ActiveCfg = Release|Any CPU
		{CBBA609D-D5AD-44C0-ADED-895466E3EF62}.Release|Any CPU.Build.0 = Release|Any CPU
		{AB69383B-62AA-444B-857A-8C463E4B6788}.Debug|Any CPU.ActiveCfg = Debug|Any CPU
		{AB69383B-62AA-444B-857A-8C463E4B6788}.Debug|Any CPU.Build.0 = Debug|Any CPU
		{AB69383B-62AA-444B-857A-8C463E4B6788}.Release|Any CPU.ActiveCfg = Release|Any CPU
		{AB69383B-62AA-444B-857A-8C463E4B6788}.Release|Any CPU.Build.0 = Release|Any CPU
		{967CB646-4160-4809-9327-77ED6536D571}.Debug|Any CPU.ActiveCfg = Debug|Any CPU
		{967CB646-4160-4809-9327-77ED6536D571}.Debug|Any CPU.Build.0 = Debug|Any CPU
		{967CB646-4160-4809-9327-77ED6536D571}.Release|Any CPU.ActiveCfg = Release|Any CPU
		{967CB646-4160-4809-9327-77ED6536D571}.Release|Any CPU.Build.0 = Release|Any CPU
	EndGlobalSection
	GlobalSection(SolutionProperties) = preSolution
		HideSolutionNode = FALSE
	EndGlobalSection
EndGlobal
